
Microsoft Visual Studio Solution File, Format Version 12.00
Project("{FAE04EC0-301F-11D3-BF4B-00C04F79EFBC}") = "LethalVocabulary", "LethalVocabulary\LethalVocabulary.csproj", "{FF2F6ED2-6725-4162-9943-7B7C4CB17910}"
EndProject
Global
	GlobalSection(SolutionConfigurationPlatforms) = preSolution
		Debug|Any CPU = Debug|Any CPU
		Release|Any CPU = Release|Any CPU
	EndGlobalSection
	GlobalSection(ProjectConfigurationPlatforms) = postSolution
		{FF2F6ED2-6725-4162-9943-7B7C4CB17910}.Debug|Any CPU.ActiveCfg = Debug|Any CPU
		{FF2F6ED2-6725-4162-9943-7B7C4CB17910}.Debug|Any CPU.Build.0 = Debug|Any CPU
		{FF2F6ED2-6725-4162-9943-7B7C4CB17910}.Release|Any CPU.ActiveCfg = Release|Any CPU
		{FF2F6ED2-6725-4162-9943-7B7C4CB17910}.Release|Any CPU.Build.0 = Release|Any CPU
	EndGlobalSection
EndGlobal
